{
  "object": {
    "pins": [
      {
        "package": "MBProgressHUD",
        "repositoryURL": "https://github.com/jdg/MBProgressHUD",
        "state": {
          "branch": null,
          "revision": "bca42b801100b2b3a4eda0ba8dd33d858c780b0d",
          "version": "1.2.0"
        }
      },
      {
        "package": "PromiseKit",
        "repositoryURL": "https://github.com/mxcl/PromiseKit",
        "state": {
          "branch": "v6",
          "revision": "8bf2e3a7c41c00d99ab210459444f59e96a9918d",
          "version": null
        }
      }
    ]
  },
  "version": 1
}
